lockfileVersion: '9.0'

settings:
  autoInstallPeers: true
  excludeLinksFromLockfile: false

importers:

  .:
    dependencies:
      '@faker-js/faker':
        specifier: ^10.3.0
        version: 10.3.0
    devDependencies:
      '@types/k6':
        specifier: ^1.6.0
        version: 1.6.0

packages:

  '@faker-js/faker@10.3.0':
    resolution: {integrity: sha512-It0Sne6P3szg7JIi6CgKbvTZoMjxBZhcv91ZrqrNuaZQfB5WoqYYbzCUOq89YR+VY8juY9M1vDWmDDa2TzfXCw==}
    engines: {node: ^20.19.0 || ^22.13.0 || ^23.5.0 || >=24.0.0, npm: '>=10'}

  '@types/k6@1.6.0':
    resolution: {integrity: sha512-koixvaHqP241ymqEEgl068kkXek+LhM5YTjysI1ikKUAnmbIKbt8Lngw3nhMHmg3Cihh7viUP/WCIF+FKi4DYQ==}

snapshots:

  '@faker-js/faker@10.3.0': {}

  '@types/k6@1.6.0': {}
